// !$*UTF8*$!
{
	archiveVersion = 1;
	classes = {
	};
	objectVersion = 46;
	objects = {

/* Begin PBXBuildFile section */
		D5E3A4CA1D1D997A007F69A3 /* main.m in Sources */ = {isa = PBXBuildFile; fileRef = D5E3A4C91D1D997A007F69A3 /* main.m */; };
		D5E3A4CD1D1D997A007F69A3 /* AppDelegate.m in Sources */ = {isa = PBXBuildFile; fileRef = D5E3A4CC1D1D997A007F69A3 /* AppDelegate.m */; };
		D5E3A4D01D1D997A007F69A3 /* ViewController.m in Sources */ = {isa = PBXBuildFile; fileRef = D5E3A4CF1D1D997A007F69A3 /* ViewController.m */; };
		D5E3A4D31D1D997A007F69A3 /* Main.storyboard in Resources */ = {isa = PBXBuildFile; fileRef = D5E3A4D11D1D997A007F69A3 /* Main.storyboard */; };
		D5E3A4D51D1D997A007F69A3 /* Assets.xcassets in Resources */ = {isa = PBXBuildFile; fileRef = D5E3A4D41D1D997A007F69A3 /* Assets.xcassets */; };
		D5E3A4D81D1D997A007F69A3 /* LaunchScreen.storyboard in Resources */ = {isa = PBXBuildFile; fileRef = D5E3A4D61D1D997A007F69A3 /* LaunchScreen.storyboard */; };
		D5E3A4E31D1D9B94007F69A3 /* DGDownloaderButton.m in Sources */ = {isa = PBXBuildFile; fileRef = D5E3A4E21D1D9B94007F69A3 /* DGDownloaderButton.m */; };
		D5E3A4E61D20397F007F69A3 /* DGDownloaderButtonProgressView.m in Sources */ = {isa = PBXBuildFile; fileRef = D5E3A4E51D20397F007F69A3 /* DGDownloaderButtonProgressView.m */; };
		D5E3A4EC1D2168AE007F69A3 /* DGDownloaderMath.m in Sources */ = {isa = PBXBuildFile; fileRef = D5E3A4EB1D2168AE007F69A3 /* DGDownloaderMath.m */; };
/* End PBXBuildFile section */

/* Begin PBXFileReference section */
		D5E3A4C51D1D997A007F69A3 /* DGDownloaderButton.app */ = {isa = PBXFileReference; explicitFileType = wrapper.application; includeInIndex = 0; path = DGDownloaderButton.app; sourceTree = BUILT_PRODUCTS_DIR; };
		D5E3A4C91D1D997A007F69A3 /* main.m */ = {isa = PBXFileReference; lastKnownFileType = sourcecode.c.objc; path = main.m; sourceTree = "<group>"; };
		D5E3A4CB1D1D997A007F69A3 /* AppDelegate.h */ = {isa = PBXFileReference; lastKnownFileType = sourcecode.c.h; path = AppDelegate.h; sourceTree = "<group>"; };
		D5E3A4CC1D1D997A007F69A3 /* AppDelegate.m */ = {isa = PBXFileReference; lastKnownFileType = sourcecode.c.objc; path = AppDelegate.m; sourceTree = "<group>"; };
		D5E3A4CE1D1D997A007F69A3 /* ViewController.h */ = {isa = PBXFileReference; lastKnownFileType = sourcecode.c.h; path = ViewController.h; sourceTree = "<group>"; };
		D5E3A4CF1D1D997A007F69A3 /* ViewController.m */ = {isa = PBXFileReference; lastKnownFileType = sourcecode.c.objc; path = ViewController.m; sourceTree = "<group>"; };
		D5E3A4D21D1D997A007F69A3 /* Base */ = {isa = PBXFileReference; lastKnownFileType = file.storyboard; name = Base; path = Base.lproj/Main.storyboard; sourceTree = "<group>"; };
		D5E3A4D41D1D997A007F69A3 /* Assets.xcassets */ = {isa = PBXFileReference; lastKnownFileType = folder.assetcatalog; path = Assets.xcassets; sourceTree = "<group>"; };
		D5E3A4D71D1D997A007F69A3 /* Base */ = {isa = PBXFileReference; lastKnownFileType = file.storyboard; name = Base; path = Base.lproj/LaunchScreen.storyboard; sourceTree = "<group>"; };
		D5E3A4D91D1D997A007F69A3 /* Info.plist */ = {isa = PBXFileReference; lastKnownFileType = text.plist.xml; path = Info.plist; sourceTree = "<group>"; };
		D5E3A4E11D1D9B94007F69A3 /* DGDownloaderButton.h */ = {isa = PBXFileReference; fileEncoding = 4; lastKnownFileType = sourcecode.c.h; name = DGDownloaderButton.h; path = DGDownloader/DGDownloaderButton.h; sourceTree = "<group>"; };
		D5E3A4E21D1D9B94007F69A3 /* DGDownloaderButton.m */ = {isa = PBXFileReference; fileEncoding = 4; lastKnownFileType = sourcecode.c.objc; name = DGDownloaderButton.m; path = DGDownloader/DGDownloaderButton.m; sourceTree = "<group>"; };
		D5E3A4E41D20397F007F69A3 /* DGDownloaderButtonProgressView.h */ = {isa = PBXFileReference; fileEncoding = 4; lastKnownFileType = sourcecode.c.h; name = DGDownloaderButtonProgressView.h; path = DGDownloader/DGDownloaderButtonProgressView.h; sourceTree = "<group>"; };
		D5E3A4E51D20397F007F69A3 /* DGDownloaderButtonProgressView.m */ = {isa = PBXFileReference; fileEncoding = 4; lastKnownFileType = sourcecode.c.objc; name = DGDownloaderButtonProgressView.m; path = DGDownloader/DGDownloaderButtonProgressView.m; sourceTree = "<group>"; };
		D5E3A4EA1D2168AE007F69A3 /* DGDownloaderMath.h */ = {isa = PBXFileReference; fileEncoding = 4; lastKnownFileType = sourcecode.c.h; name = DGDownloaderMath.h; path = DGDownloader/DGDownloaderMath.h; sourceTree = "<group>"; };
		D5E3A4EB1D2168AE007F69A3 /* DGDownloaderMath.m */ = {isa = PBXFileReference; fileEncoding = 4; lastKnownFileType = sourcecode.c.objc; name = DGDownloaderMath.m; path = DGDownloader/DGDownloaderMath.m; sourceTree = "<group>"; };
/* End PBXFileReference section */

/* Begin PBXFrameworksBuildPhase section */
		D5E3A4C21D1D997A007F69A3 /* Frameworks */ = {
			isa = PBXFrameworksBuildPhase;
			buildActionMask = 2147483647;
			files = (
			);
			runOnlyForDeploymentPostprocessing = 0;
		};
/* End PBXFrameworksBuildPhase section */

/* Begin PBXGroup section */
		D5E3A4BC1D1D997A007F69A3 = {
			isa = PBXGroup;
			children = (
				D5E3A4C71D1D997A007F69A3 /* DGDownloaderButton */,
				D5E3A4C61D1D997A007F69A3 /* Products */,
			);
			sourceTree = "<group>";
		};
		D5E3A4C61D1D997A007F69A3 /* Products */ = {
			isa = PBXGroup;
			children = (
				D5E3A4C51D1D997A007F69A3 /* DGDownloaderButton.app */,
			);
			name = Products;
			sourceTree = "<group>";
		};
		D5E3A4C71D1D997A007F69A3 /* DGDownloaderButton */ = {
			isa = PBXGroup;
			children = (
				D5E3A4E01D1D9A4D007F69A3 /* DGDownloaderButton */,
				D5E3A4CB1D1D997A007F69A3 /* AppDelegate.h */,
				D5E3A4CC1D1D997A007F69A3 /* AppDelegate.m */,
				D5E3A4CE1D1D997A007F69A3 /* ViewController.h */,
				D5E3A4CF1D1D997A007F69A3 /* ViewController.m */,
				D5E3A4D11D1D997A007F69A3 /* Main.storyboard */,
				D5E3A4D41D1D997A007F69A3 /* Assets.xcassets */,
				D5E3A4D61D1D997A007F69A3 /* LaunchScreen.storyboard */,
				D5E3A4D91D1D997A007F69A3 /* Info.plist */,
				D5E3A4C81D1D997A007F69A3 /* Supporting Files */,
			);
			path = DGDownloaderButton;
			sourceTree = "<group>";
		};
		D5E3A4C81D1D997A007F69A3 /* Supporting Files */ = {
			isa = PBXGroup;
			children = (
				D5E3A4C91D1D997A007F69A3 /* main.m */,
			);
			name = "Supporting Files";
			sourceTree = "<group>";
		};
		D5E3A4E01D1D9A4D007F69A3 /* DGDownloaderButton */ = {
			isa = PBXGroup;
			children = (
				D5E3A4E11D1D9B94007F69A3 /* DGDownloaderButton.h */,
				D5E3A4E21D1D9B94007F69A3 /* DGDownloaderButton.m */,
				D5E3A4E41D20397F007F69A3 /* DGDownloaderButtonProgressView.h */,
				D5E3A4E51D20397F007F69A3 /* DGDownloaderButtonProgressView.m */,
				D5E3A4EA1D2168AE007F69A3 /* DGDownloaderMath.h */,
				D5E3A4EB1D2168AE007F69A3 /* DGDownloaderMath.m */,
			);
			name = DGDownloaderButton;
			sourceTree = "<group>";
		};
/* End PBXGroup section */

/* Begin PBXNativeTarget section */
		D5E3A4C41D1D997A007F69A3 /* DGDownloaderButton */ = {
			isa = PBXNativeTarget;
			buildConfigurationList = D5E3A4DC1D1D997A007F69A3 /* Build configuration list for PBXNativeTarget "DGDownloaderButton" */;
			buildPhases = (
				D5E3A4C11D1D997A007F69A3 /* Sources */,
				D5E3A4C21D1D997A007F69A3 /* Frameworks */,
				D5E3A4C31D1D997A007F69A3 /* Resources */,
			);
			buildRules = (
			);
			dependencies = (
			);
			name = DGDownloaderButton;
			productName = DGDownloaderButton;
			productReference = D5E3A4C51D1D997A007F69A3 /* DGDownloaderButton.app */;
			productType = "com.apple.product-type.application";
		};
/* End PBXNativeTarget section */

/* Begin PBXProject section */
		D5E3A4BD1D1D997A007F69A3 /* Project object */ = {
			isa = PBXProject;
			attributes = {
				CLASSPREFIX = DG;
				LastUpgradeCheck = 0730;
				ORGANIZATIONNAME = Desgard_Duan;
				TargetAttributes = {
					D5E3A4C41D1D997A007F69A3 = {
						CreatedOnToolsVersion = 7.3.1;
					};
				};
			};
			buildConfigurationList = D5E3A4C01D1D997A007F69A3 /* Build configuration list for PBXProject "DGDownloaderButton" */;
			compatibilityVersion = "Xcode 3.2";
			developmentRegion = English;
			hasScannedForEncodings = 0;
			knownRegions = (
				en,
				Base,
			);
			mainGroup = D5E3A4BC1D1D997A007F69A3;
			productRefGroup = D5E3A4C61D1D997A007F69A3 /* Products */;
			projectDirPath = "";
			projectRoot = "";
			targets = (
				D5E3A4C41D1D997A007F69A3 /* DGDownloaderButton */,
			);
		};
/* End PBXProject section */

/* Begin PBXResourcesBuildPhase section */
		D5E3A4C31D1D997A007F69A3 /* Resources */ = {
			isa = PBXResourcesBuildPhase;
			buildActionMask = 2147483647;
			files = (
				D5E3A4D81D1D997A007F69A3 /* LaunchScreen.storyboard in Resources */,
				D5E3A4D51D1D997A007F69A3 /* Assets.xcassets in Resources */,
				D5E3A4D31D1D997A007F69A3 /* Main.storyboard in Resources */,
			);
			runOnlyForDeploymentPostprocessing = 0;
		};
/* End PBXResourcesBuildPhase section */

/* Begin PBXSourcesBuildPhase section */
		D5E3A4C11D1D997A007F69A3 /* Sources */ = {
			isa = PBXSourcesBuildPhase;
			buildActionMask = 2147483647;
			files = (
				D5E3A4D01D1D997A007F69A3 /* ViewController.m in Sources */,
				D5E3A4E31D1D9B94007F69A3 /* DGDownloaderButton.m in Sources */,
				D5E3A4E61D20397F007F69A3 /* DGDownloaderButtonProgressView.m in Sources */,
				D5E3A4CD1D1D997A007F69A3 /* AppDelegate.m in Sources */,
				D5E3A4CA1D1D997A007F69A3 /* main.m in Sources */,
				D5E3A4EC1D2168AE007F69A3 /* DGDownloaderMath.m in Sources */,
			);
			runOnlyForDeploymentPostprocessing = 0;
		};
/* End PBXSourcesBuildPhase section */

/* Begin PBXVariantGroup section */
		D5E3A4D11D1D997A007F69A3 /* Main.storyboard */ = {
			isa = PBXVariantGroup;
			children = (
				D5E3A4D21D1D997A007F69A3 /* Base */,
			);
			name = Main.storyboard;
			sourceTree = "<group>";
		};
		D5E3A4D61D1D997A007F69A3 /* LaunchScreen.storyboard */ = {
			isa = PBXVariantGroup;
			children = (
				D5E3A4D71D1D997A007F69A3 /* Base */,
			);
			name = LaunchScreen.storyboard;
			sourceTree = "<group>";
		};
/* End PBXVariantGroup section */

/* Begin XCBuildConfiguration section */
		D5E3A4DA1D1D997A007F69A3 /* Debug */ = {
			isa = XCBuildConfiguration;
			buildSettings = {
				ALWAYS_SEARCH_USER_PATHS = NO;
				CLANG_ANALYZER_NONNULL = YES;
				CLANG_CXX_LANGUAGE_STANDARD = "gnu++0x";
				CLANG_CXX_LIBRARY = "libc++";
				CLANG_ENABLE_MODULES = YES;
				CLANG_ENABLE_OBJC_ARC = YES;
				CLANG_WARN_BOOL_CONVERSION = YES;
				CLANG_WARN_CONSTANT_CONVERSION = YES;
				CLANG_WARN_DIRECT_OBJC_ISA_USAGE = YES_ERROR;
				CLANG_WARN_EMPTY_BODY = YES;
				CLANG_WARN_ENUM_CONVERSION = YES;
				CLANG_WARN_INT_CONVERSION = YES;
				CLANG_WARN_OBJC_ROOT_CLASS = YES_ERROR;
				CLANG_WARN_UNREACHABLE_CODE = YES;
				CLANG_WARN__DUPLICATE_METHOD_MATCH = YES;
				"CODE_SIGN_IDENTITY[sdk=iphoneos*]" = "iPhone Developer";
				COPY_PHASE_STRIP = NO;
				DEBUG_INFORMATION_FORMAT = dwarf;
				ENABLE_STRICT_OBJC_MSGSEND = YES;
				ENABLE_TESTABILITY = YES;
				GCC_C_LANGUAGE_STANDARD = gnu99;
				GCC_DYNAMIC_NO_PIC = NO;
				GCC_NO_COMMON_BLOCKS = YES;
				GCC_OPTIMIZATION_LEVEL = 0;
				GCC_PREPROCESSOR_DEFINITIONS = (
					"DEBUG=1",
					"$(inherited)",
				);
				GCC_WARN_64_TO_32_BIT_CONVERSION = YES;
				GCC_WARN_ABOUT_RETURN_TYPE = YES_ERROR;
				GCC_WARN_UNDECLARED_SELECTOR = YES;
				GCC_WARN_UNINITIALIZED_AUTOS = YES_AGGRESSIVE;
				GCC_WARN_UNUSED_FUNCTION = YES;
				GCC_WARN_UNUSED_VARIABLE = YES;
				IPHONEOS_DEPLOYMENT_TARGET = 9.3;
				MTL_ENABLE_DEBUG_INFO = YES;
				ONLY_ACTIVE_ARCH = YES;
				SDKROOT = iphoneos;
			};
			name = Debug;
		};
		D5E3A4DB1D1D997A007F69A3 /* Release */ = {
			isa = XCBuildConfiguration;
			buildSettings = {
				ALWAYS_SEARCH_USER_PATHS = NO;
				CLANG_ANALYZER_NONNULL = YES;
				CLANG_CXX_LANGUAGE_STANDARD = "gnu++0x";
				CLANG_CXX_LIBRARY = "libc++";
				CLANG_ENABLE_MODULES = YES;
				CLANG_ENABLE_OBJC_ARC = YES;
				CLANG_WARN_BOOL_CONVERSION = YES;
				CLANG_WARN_CONSTANT_CONVERSION = YES;
				CLANG_WARN_DIRECT_OBJC_ISA_USAGE = YES_ERROR;
				CLANG_WARN_EMPTY_BODY = YES;
				CLANG_WARN_ENUM_CONVERSION = YES;
				CLANG_WARN_INT_CONVERSION = YES;
				CLANG_WARN_OBJC_ROOT_CLASS = YES_ERROR;
				CLANG_WARN_UNREACHABLE_CODE = YES;
				CLANG_WARN__DUPLICATE_METHOD_MATCH = YES;
				"CODE_SIGN_IDENTITY[sdk=iphoneos*]" = "iPhone Developer";
				COPY_PHASE_STRIP = NO;
				DEBUG_INFORMATION_FORMAT = "dwarf-with-dsym";
				ENABLE_NS_ASSERTIONS = NO;
				ENABLE_STRICT_OBJC_MSGSEND = YES;
				GCC_C_LANGUAGE_STANDARD = gnu99;
				GCC_NO_COMMON_BLOCKS = YES;
				GCC_WARN_64_TO_32_BIT_CONVERSION = YES;
				GCC_WARN_ABOUT_RETURN_TYPE = YES_ERROR;
				GCC_WARN_UNDECLARED_SELECTOR = YES;
				GCC_WARN_UNINITIALIZED_AUTOS = YES_AGGRESSIVE;
				GCC_WARN_UNUSED_FUNCTION = YES;
				GCC_WARN_UNUSED_VARIABLE = YES;
				IPHONEOS_DEPLOYMENT_TARGET = 9.3;
				MTL_ENABLE_DEBUG_INFO = NO;
				SDKROOT = iphoneos;
				VALIDATE_PRODUCT = YES;
			};
			name = Release;
		};
		D5E3A4DD1D1D997A007F69A3 /* Debug */ = {
			isa = XCBuildConfiguration;
			buildSettings = {
				ASSETCATALOG_COMPILER_APPICON_NAME = AppIcon;
				INFOPLIST_FILE = DGDownloaderButton/Info.plist;
				LD_RUNPATH_SEARCH_PATHS = "$(inherited) @executable_path/Frameworks";
				PRODUCT_BUNDLE_IDENTIFIER = desgard.express.DGDownloaderButton;
				PRODUCT_NAME = "$(TARGET_NAME)";
			};
			name = Debug;
		};
		D5E3A4DE1D1D997A007F69A3 /* Release */ = {
			isa = XCBuildConfiguration;
			buildSettings = {
				ASSETCATALOG_COMPILER_APPICON_NAME = AppIcon;
				INFOPLIST_FILE = DGDownloaderButton/Info.plist;
				LD_RUNPATH_SEARCH_PATHS = "$(inherited) @executable_path/Frameworks";
				PRODUCT_BUNDLE_IDENTIFIER = desgard.express.DGDownloaderButton;
				PRODUCT_NAME = "$(TARGET_NAME)";
			};
			name = Release;
		};
/* End XCBuildConfiguration section */

/* Begin XCConfigurationList section */
		D5E3A4C01D1D997A007F69A3 /* Build configuration list for PBXProject "DGDownloaderButton" */ = {
			isa = XCConfigurationList;
			buildConfigurations = (
				D5E3A4DA1D1D997A007F69A3 /* Debug */,
				D5E3A4DB1D1D997A007F69A3 /* Release */,
			);
			defaultConfigurationIsVisible = 0;
			defaultConfigurationName = Release;
		};
		D5E3A4DC1D1D997A007F69A3 /* Build configuration list for PBXNativeTarget "DGDownloaderButton" */ = {
			isa = XCConfigurationList;
			buildConfigurations = (
				D5E3A4DD1D1D997A007F69A3 /* Debug */,
				D5E3A4DE1D1D997A007F69A3 /* Release */,
			);
			defaultConfigurationIsVisible = 0;
			defaultConfigurationName = Release;
		};
/* End XCConfigurationList section */
	};
	rootObject = D5E3A4BD1D1D997A007F69A3 /* Project object */;
}
